<Solution>
  <Folder Name="/src/">
    <Project Path="src/Lucitex.Conversion/Lucitex.Conversion.csproj" />
    <Project Path="src/Lucitex.Core/Lucitex.Core.csproj" />
    <Project Path="src/Lucitex.Dds/Lucitex.Dds.csproj" />
    <Project Path="src/Lucitex.Exr/Lucitex.Exr.csproj" />
    <Project Path="src/Lucitex.Hdr/Lucitex.Hdr.csproj" />
    <Project Path="src/Lucitex.Ktx2/Lucitex.Ktx2.csproj" />
    <Project Path="src/Lucitex.Png/Lucitex.Png.csproj" />
    <Project Path="src/Lucitex.TextureCompression/Lucitex.TextureCompression.csproj" />
  </Folder>
  <Folder Name="/tests/">
    <Project Path="tests/Lucitex.Fuzz/Lucitex.Fuzz.csproj" />
    <Project Path="tests/Lucitex.Tests/Lucitex.Tests.csproj" />
  </Folder>
</Solution>
